// !$*UTF8*$!
{
	archiveVersion = 1;
	classes = {
	};
	objectVersion = 56;
	objects = {

/* Begin PBXBuildFile section */
		CBDE14EC2BEBC820005AB1DF /* AppDelegate.swift in Sources */ = {isa = PBXBuildFile; fileRef = CBDE14EB2BEBC820005AB1DF /* AppDelegate.swift */; };
		CBDE14EE2BEBC820005AB1DF /* GameScene.sks in Resources */ = {isa = PBXBuildFile; fileRef = CBDE14ED2BEBC820005AB1DF /* GameScene.sks */; };
		CBDE14F02BEBC820005AB1DF /* Actions.sks in Resources */ = {isa = PBXBuildFile; fileRef = CBDE14EF2BEBC820005AB1DF /* Actions.sks */; };
		CBDE14F22BEBC820005AB1DF /* GameScene.swift in Sources */ = {isa = PBXBuildFile; fileRef = CBDE14F12BEBC820005AB1DF /* GameScene.swift */; };
		CBDE14F42BEBC820005AB1DF /* GameViewController.swift in Sources */ = {isa = PBXBuildFile; fileRef = CBDE14F32BEBC820005AB1DF /* GameViewController.swift */; };
		CBDE14F72BEBC820005AB1DF /* Main.storyboard in Resources */ = {isa = PBXBuildFile; fileRef = CBDE14F52BEBC820005AB1DF /* Main.storyboard */; };
		CBDE14F92BEBC822005AB1DF /* Assets.xcassets in Resources */ = {isa = PBXBuildFile; fileRef = CBDE14F82BEBC822005AB1DF /* Assets.xcassets */; };
		CBDE14FC2BEBC822005AB1DF /* LaunchScreen.storyboard in Resources */ = {isa = PBXBuildFile; fileRef = CBDE14FA2BEBC822005AB1DF /* LaunchScreen.storyboard */; };
		CBDE15032BEBC9F6005AB1DF /* Spaceship.swift in Sources */ = {isa = PBXBuildFile; fileRef = CBDE15022BEBC9F6005AB1DF /* Spaceship.swift */; };
/* End PBXBuildFile section */

/* Begin PBXFileReference section */
		CBDE14E82BEBC820005AB1DF /* DualClone.app */ = {isa = PBXFileReference; explicitFileType = wrapper.application; includeInIndex = 0; path = DualClone.app; sourceTree = BUILT_PRODUCTS_DIR; };
		CBDE14EB2BEBC820005AB1DF /* AppDelegate.swift */ = {isa = PBXFileReference; lastKnownFileType = sourcecode.swift; path = AppDelegate.swift; sourceTree = "<group>"; };
		CBDE14ED2BEBC820005AB1DF /* GameScene.sks */ = {isa = PBXFileReference; lastKnownFileType = file.sks; path = GameScene.sks; sourceTree = "<group>"; };
		CBDE14EF2BEBC820005AB1DF /* Actions.sks */ = {isa = PBXFileReference; lastKnownFileType = file.sks; path = Actions.sks; sourceTree = "<group>"; };
		CBDE14F12BEBC820005AB1DF /* GameScene.swift */ = {isa = PBXFileReference; lastKnownFileType = sourcecode.swift; path = GameScene.swift; sourceTree = "<group>"; };
		CBDE14F32BEBC820005AB1DF /* GameViewController.swift */ = {isa = PBXFileReference; lastKnownFileType = sourcecode.swift; path = GameViewController.swift; sourceTree = "<group>"; };
		CBDE14F62BEBC820005AB1DF /* Base */ = {isa = PBXFileReference; lastKnownFileType = file.storyboard; name = Base; path = Base.lproj/Main.storyboard; sourceTree = "<group>"; };
		CBDE14F82BEBC822005AB1DF /* Assets.xcassets */ = {isa = PBXFileReference; lastKnownFileType = folder.assetcatalog; path = Assets.xcassets; sourceTree = "<group>"; };
		CBDE14FB2BEBC822005AB1DF /* Base */ = {isa = PBXFileReference; lastKnownFileType = file.storyboard; name = Base; path = Base.lproj/LaunchScreen.storyboard; sourceTree = "<group>"; };
		CBDE15022BEBC9F6005AB1DF /* Spaceship.swift */ = {isa = PBXFileReference; lastKnownFileType = sourcecode.swift; path = Spaceship.swift; sourceTree = "<group>"; };
/* End PBXFileReference section */

/* Begin PBXFrameworksBuildPhase section */
		CBDE14E52BEBC820005AB1DF /* Frameworks */ = {
			isa = PBXFrameworksBuildPhase;
			buildActionMask = 2147483647;
			files = (
			);
			runOnlyForDeploymentPostprocessing = 0;
		};
/* End PBXFrameworksBuildPhase section */

/* Begin PBXGroup section */
		CBDE14DF2BEBC820005AB1DF = {
			isa = PBXGroup;
			children = (
				CBDE14EA2BEBC820005AB1DF /* DualClone */,
				CBDE14E92BEBC820005AB1DF /* Products */,
			);
			sourceTree = "<group>";
		};
		CBDE14E92BEBC820005AB1DF /* Products */ = {
			isa = PBXGroup;
			children = (
				CBDE14E82BEBC820005AB1DF /* DualClone.app */,
			);
			name = Products;
			sourceTree = "<group>";
		};
		CBDE14EA2BEBC820005AB1DF /* DualClone */ = {
			isa = PBXGroup;
			children = (
				CBDE14EB2BEBC820005AB1DF /* AppDelegate.swift */,
				CBDE14ED2BEBC820005AB1DF /* GameScene.sks */,
				CBDE14EF2BEBC820005AB1DF /* Actions.sks */,
				CBDE14F12BEBC820005AB1DF /* GameScene.swift */,
				CBDE15022BEBC9F6005AB1DF /* Spaceship.swift */,
				CBDE14F32BEBC820005AB1DF /* GameViewController.swift */,
				CBDE14F52BEBC820005AB1DF /* Main.storyboard */,
				CBDE14F82BEBC822005AB1DF /* Assets.xcassets */,
				CBDE14FA2BEBC822005AB1DF /* LaunchScreen.storyboard */,
			);
			path = DualClone;
			sourceTree = "<group>";
		};
/* End PBXGroup section */

/* Begin PBXNativeTarget section */
		CBDE14E72BEBC820005AB1DF /* DualClone */ = {
			isa = PBXNativeTarget;
			buildConfigurationList = CBDE14FF2BEBC822005AB1DF /* Build configuration list for PBXNativeTarget "DualClone" */;
			buildPhases = (
				CBDE14E42BEBC820005AB1DF /* Sources */,
				CBDE14E52BEBC820005AB1DF /* Frameworks */,
				CBDE14E62BEBC820005AB1DF /* Resources */,
			);
			buildRules = (
			);
			dependencies = (
			);
			name = DualClone;
			productName = DualClone;
			productReference = CBDE14E82BEBC820005AB1DF /* DualClone.app */;
			productType = "com.apple.product-type.application";
		};
/* End PBXNativeTarget section */

/* Begin PBXProject section */
		CBDE14E02BEBC820005AB1DF /* Project object */ = {
			isa = PBXProject;
			attributes = {
				BuildIndependentTargetsInParallel = 1;
				LastSwiftUpdateCheck = 1500;
				LastUpgradeCheck = 1500;
				TargetAttributes = {
					CBDE14E72BEBC820005AB1DF = {
						CreatedOnToolsVersion = 15.0.1;
					};
				};
			};
			buildConfigurationList = CBDE14E32BEBC820005AB1DF /* Build configuration list for PBXProject "DualClone" */;
			compatibilityVersion = "Xcode 14.0";
			developmentRegion = en;
			hasScannedForEncodings = 0;
			knownRegions = (
				en,
				Base,
			);
			mainGroup = CBDE14DF2BEBC820005AB1DF;
			productRefGroup = CBDE14E92BEBC820005AB1DF /* Products */;
			projectDirPath = "";
			projectRoot = "";
			targets = (
				CBDE14E72BEBC820005AB1DF /* DualClone */,
			);
		};
/* End PBXProject section */

/* Begin PBXResourcesBuildPhase section */
		CBDE14E62BEBC820005AB1DF /* Resources */ = {
			isa = PBXResourcesBuildPhase;
			buildActionMask = 2147483647;
			files = (
				CBDE14F72BEBC820005AB1DF /* Main.storyboard in Resources */,
				CBDE14EE2BEBC820005AB1DF /* GameScene.sks in Resources */,
				CBDE14F92BEBC822005AB1DF /* Assets.xcassets in Resources */,
				CBDE14FC2BEBC822005AB1DF /* LaunchScreen.storyboard in Resources */,
				CBDE14F02BEBC820005AB1DF /* Actions.sks in Resources */,
			);
			runOnlyForDeploymentPostprocessing = 0;
		};
/* End PBXResourcesBuildPhase section */

/* Begin PBXSourcesBuildPhase section */
		CBDE14E42BEBC820005AB1DF /* Sources */ = {
			isa = PBXSourcesBuildPhase;
			buildActionMask = 2147483647;
			files = (
				CBDE14F22BEBC820005AB1DF /* GameScene.swift in Sources */,
				CBDE15032BEBC9F6005AB1DF /* Spaceship.swift in Sources */,
				CBDE14F42BEBC820005AB1DF /* GameViewController.swift in Sources */,
				CBDE14EC2BEBC820005AB1DF /* AppDelegate.swift in Sources */,
			);
			runOnlyForDeploymentPostprocessing = 0;
		};
/* End PBXSourcesBuildPhase section */

/* Begin PBXVariantGroup section */
		CBDE14F52BEBC820005AB1DF /* Main.storyboard */ = {
			isa = PBXVariantGroup;
			children = (
				CBDE14F62BEBC820005AB1DF /* Base */,
			);
			name = Main.storyboard;
			sourceTree = "<group>";
		};
		CBDE14FA2BEBC822005AB1DF /* LaunchScreen.storyboard */ = {
			isa = PBXVariantGroup;
			children = (
				CBDE14FB2BEBC822005AB1DF /* Base */,
			);
			name = LaunchScreen.storyboard;
			sourceTree = "<group>";
		};
/* End PBXVariantGroup section */

/* Begin XCBuildConfiguration section */
		CBDE14FD2BEBC822005AB1DF /* Debug */ = {
			isa = XCBuildConfiguration;
			buildSettings = {
				ALWAYS_SEARCH_USER_PATHS = NO;
				ASSETCATALOG_COMPILER_GENERATE_SWIFT_ASSET_SYMBOL_EXTENSIONS = YES;
				CLANG_ANALYZER_NONNULL = YES;
				CLANG_ANALYZER_NUMBER_OBJECT_CONVERSION = YES_AGGRESSIVE;
				CLANG_CXX_LANGUAGE_STANDARD = "gnu++20";
				CLANG_ENABLE_MODULES = YES;
				CLANG_ENABLE_OBJC_ARC = YES;
				CLANG_ENABLE_OBJC_WEAK = YES;
				CLANG_WARN_BLOCK_CAPTURE_AUTORELEASING = YES;
				CLANG_WARN_BOOL_CONVERSION = YES;
				CLANG_WARN_COMMA = YES;
				CLANG_WARN_CONSTANT_CONVERSION = YES;
				CLANG_WARN_DEPRECATED_OBJC_IMPLEMENTATIONS = YES;
				CLANG_WARN_DIRECT_OBJC_ISA_USAGE = YES_ERROR;
				CLANG_WARN_DOCUMENTATION_COMMENTS = YES;
				CLANG_WARN_EMPTY_BODY = YES;
				CLANG_WARN_ENUM_CONVERSION = YES;
				CLANG_WARN_INFINITE_RECURSION = YES;
				CLANG_WARN_INT_CONVERSION = YES;
				CLANG_WARN_NON_LITERAL_NULL_CONVERSION = YES;
				CLANG_WARN_OBJC_IMPLICIT_RETAIN_SELF = YES;
				CLANG_WARN_OBJC_LITERAL_CONVERSION = YES;
				CLANG_WARN_OBJC_ROOT_CLASS = YES_ERROR;
				CLANG_WARN_QUOTED_INCLUDE_IN_FRAMEWORK_HEADER = YES;
				CLANG_WARN_RANGE_LOOP_ANALYSIS = YES;
				CLANG_WARN_STRICT_PROTOTYPES = YES;
				CLANG_WARN_SUSPICIOUS_MOVE = YES;
				CLANG_WARN_UNGUARDED_AVAILABILITY = YES_AGGRESSIVE;
				CLANG_WARN_UNREACHABLE_CODE = YES;
				CLANG_WARN__DUPLICATE_METHOD_MATCH = YES;
				COPY_PHASE_STRIP = NO;
				DEBUG_INFORMATION_FORMAT = dwarf;
				ENABLE_STRICT_OBJC_MSGSEND = YES;
				ENABLE_TESTABILITY = YES;
				ENABLE_USER_SCRIPT_SANDBOXING = YES;
				GCC_C_LANGUAGE_STANDARD = gnu17;
				GCC_DYNAMIC_NO_PIC = NO;
				GCC_NO_COMMON_BLOCKS = YES;
				GCC_OPTIMIZATION_LEVEL = 0;
				GCC_PREPROCESSOR_DEFINITIONS = (
					"DEBUG=1",
					"$(inherited)",
				);
				GCC_WARN_64_TO_32_BIT_CONVERSION = YES;
				GCC_WARN_ABOUT_RETURN_TYPE = YES_ERROR;
				GCC_WARN_UNDECLARED_SELECTOR = YES;
				GCC_WARN_UNINITIALIZED_AUTOS = YES_AGGRESSIVE;
				GCC_WARN_UNUSED_FUNCTION = YES;
				GCC_WARN_UNUSED_VARIABLE = YES;
				IPHONEOS_DEPLOYMENT_TARGET = 17.0;
				LOCALIZATION_PREFERS_STRING_CATALOGS = YES;
				MTL_ENABLE_DEBUG_INFO = INCLUDE_SOURCE;
				MTL_FAST_MATH = YES;
				ONLY_ACTIVE_ARCH = YES;
				SDKROOT = iphoneos;
				SWIFT_ACTIVE_COMPILATION_CONDITIONS = "DEBUG $(inherited)";
				SWIFT_OPTIMIZATION_LEVEL = "-Onone";
			};
			name = Debug;
		};
		CBDE14FE2BEBC822005AB1DF /* Release */ = {
			isa = XCBuildConfiguration;
			buildSettings = {
				ALWAYS_SEARCH_USER_PATHS = NO;
				ASSETCATALOG_COMPILER_GENERATE_SWIFT_ASSET_SYMBOL_EXTENSIONS = YES;
				CLANG_ANALYZER_NONNULL = YES;
				CLANG_ANALYZER_NUMBER_OBJECT_CONVERSION = YES_AGGRESSIVE;
				CLANG_CXX_LANGUAGE_STANDARD = "gnu++20";
				CLANG_ENABLE_MODULES = YES;
				CLANG_ENABLE_OBJC_ARC = YES;
				CLANG_ENABLE_OBJC_WEAK = YES;
				CLANG_WARN_BLOCK_CAPTURE_AUTORELEASING = YES;
				CLANG_WARN_BOOL_CONVERSION = YES;
				CLANG_WARN_COMMA = YES;
				CLANG_WARN_CONSTANT_CONVERSION = YES;
				CLANG_WARN_DEPRECATED_OBJC_IMPLEMENTATIONS = YES;
				CLANG_WARN_DIRECT_OBJC_ISA_USAGE = YES_ERROR;
				CLANG_WARN_DOCUMENTATION_COMMENTS = YES;
				CLANG_WARN_EMPTY_BODY = YES;
				CLANG_WARN_ENUM_CONVERSION = YES;
				CLANG_WARN_INFINITE_RECURSION = YES;
				CLANG_WARN_INT_CONVERSION = YES;
				CLANG_WARN_NON_LITERAL_NULL_CONVERSION = YES;
				CLANG_WARN_OBJC_IMPLICIT_RETAIN_SELF = YES;
				CLANG_WARN_OBJC_LITERAL_CONVERSION = YES;
				CLANG_WARN_OBJC_ROOT_CLASS = YES_ERROR;
				CLANG_WARN_QUOTED_INCLUDE_IN_FRAMEWORK_HEADER = YES;
				CLANG_WARN_RANGE_LOOP_ANALYSIS = YES;
				CLANG_WARN_STRICT_PROTOTYPES = YES;
				CLANG_WARN_SUSPICIOUS_MOVE = YES;
				CLANG_WARN_UNGUARDED_AVAILABILITY = YES_AGGRESSIVE;
				CLANG_WARN_UNREACHABLE_CODE = YES;
				CLANG_WARN__DUPLICATE_METHOD_MATCH = YES;
				COPY_PHASE_STRIP = NO;
				DEBUG_INFORMATION_FORMAT = "dwarf-with-dsym";
				ENABLE_NS_ASSERTIONS = NO;
				ENABLE_STRICT_OBJC_MSGSEND = YES;
				ENABLE_USER_SCRIPT_SANDBOXING = YES;
				GCC_C_LANGUAGE_STANDARD = gnu17;
				GCC_NO_COMMON_BLOCKS = YES;
				GCC_WARN_64_TO_32_BIT_CONVERSION = YES;
				GCC_WARN_ABOUT_RETURN_TYPE = YES_ERROR;
				GCC_WARN_UNDECLARED_SELECTOR = YES;
				GCC_WARN_UNINITIALIZED_AUTOS = YES_AGGRESSIVE;
				GCC_WARN_UNUSED_FUNCTION = YES;
				GCC_WARN_UNUSED_VARIABLE = YES;
				IPHONEOS_DEPLOYMENT_TARGET = 17.0;
				LOCALIZATION_PREFERS_STRING_CATALOGS = YES;
				MTL_ENABLE_DEBUG_INFO = NO;
				MTL_FAST_MATH = YES;
				SDKROOT = iphoneos;
				SWIFT_COMPILATION_MODE = wholemodule;
				VALIDATE_PRODUCT = YES;
			};
			name = Release;
		};
		CBDE15002BEBC822005AB1DF /* Debug */ = {
			isa = XCBuildConfiguration;
			buildSettings = {
				ASSETCATALOG_COMPILER_APPICON_NAME = AppIcon;
				ASSETCATALOG_COMPILER_GLOBAL_ACCENT_COLOR_NAME = AccentColor;
				CODE_SIGN_STYLE = Automatic;
				CURRENT_PROJECT_VERSION = 1;
				DEVELOPMENT_TEAM = LWQM3M945B;
				GENERATE_INFOPLIST_FILE = YES;
				INFOPLIST_KEY_UIApplicationSupportsIndirectInputEvents = YES;
				INFOPLIST_KEY_UILaunchStoryboardName = LaunchScreen;
				INFOPLIST_KEY_UIMainStoryboardFile = Main;
				INFOPLIST_KEY_UIStatusBarHidden = YES;
				INFOPLIST_KEY_UISupportedInterfaceOrientations_iPad = "UIInterfaceOrientationLandscapeLeft UIInterfaceOrientationLandscapeRight";
				INFOPLIST_KEY_UISupportedInterfaceOrientations_iPhone = "UIInterfaceOrientationPortrait UIInterfaceOrientationLandscapeLeft UIInterfaceOrientationLandscapeRight";
				LD_RUNPATH_SEARCH_PATHS = (
					"$(inherited)",
					"@executable_path/Frameworks",
				);
				MARKETING_VERSION = 1.0;
				PRODUCT_BUNDLE_IDENTIFIER = es.ua.eps.DualClone;
				PRODUCT_NAME = "$(TARGET_NAME)";
				SWIFT_EMIT_LOC_STRINGS = YES;
				SWIFT_VERSION = 5.0;
				TARGETED_DEVICE_FAMILY = "1,2";
			};
			name = Debug;
		};
		CBDE15012BEBC822005AB1DF /* Release */ = {
			isa = XCBuildConfiguration;
			buildSettings = {
				ASSETCATALOG_COMPILER_APPICON_NAME = AppIcon;
				ASSETCATALOG_COMPILER_GLOBAL_ACCENT_COLOR_NAME = AccentColor;
				CODE_SIGN_STYLE = Automatic;
				CURRENT_PROJECT_VERSION = 1;
				DEVELOPMENT_TEAM = LWQM3M945B;
				GENERATE_INFOPLIST_FILE = YES;
				INFOPLIST_KEY_UIApplicationSupportsIndirectInputEvents = YES;
				INFOPLIST_KEY_UILaunchStoryboardName = LaunchScreen;
				INFOPLIST_KEY_UIMainStoryboardFile = Main;
				INFOPLIST_KEY_UIStatusBarHidden = YES;
				INFOPLIST_KEY_UISupportedInterfaceOrientations_iPad = "UIInterfaceOrientationLandscapeLeft UIInterfaceOrientationLandscapeRight";
				INFOPLIST_KEY_UISupportedInterfaceOrientations_iPhone = "UIInterfaceOrientationPortrait UIInterfaceOrientationLandscapeLeft UIInterfaceOrientationLandscapeRight";
				LD_RUNPATH_SEARCH_PATHS = (
					"$(inherited)",
					"@executable_path/Frameworks",
				);
				MARKETING_VERSION = 1.0;
				PRODUCT_BUNDLE_IDENTIFIER = es.ua.eps.DualClone;
				PRODUCT_NAME = "$(TARGET_NAME)";
				SWIFT_EMIT_LOC_STRINGS = YES;
				SWIFT_VERSION = 5.0;
				TARGETED_DEVICE_FAMILY = "1,2";
			};
			name = Release;
		};
/* End XCBuildConfiguration section */

/* Begin XCConfigurationList section */
		CBDE14E32BEBC820005AB1DF /* Build configuration list for PBXProject "DualClone" */ = {
			isa = XCConfigurationList;
			buildConfigurations = (
				CBDE14FD2BEBC822005AB1DF /* Debug */,
				CBDE14FE2BEBC822005AB1DF /* Release */,
			);
			defaultConfigurationIsVisible = 0;
			defaultConfigurationName = Release;
		};
		CBDE14FF2BEBC822005AB1DF /* Build configuration list for PBXNativeTarget "DualClone" */ = {
			isa = XCConfigurationList;
			buildConfigurations = (
				CBDE15002BEBC822005AB1DF /* Debug */,
				CBDE15012BEBC822005AB1DF /* Release */,
			);
			defaultConfigurationIsVisible = 0;
			defaultConfigurationName = Release;
		};
/* End XCConfigurationList section */
	};
	rootObject = CBDE14E02BEBC820005AB1DF /* Project object */;
}
